
Microsoft Visual Studio Solution File, Format Version 12.00
# Visual Studio 2013
VisualStudioVersion = 12.0.31101.0
MinimumVisualStudioVersion = 10.0.40219.1
Project("{FAE04EC0-301F-11D3-BF4B-00C04F79EFBC}") = "Warmups.Strings.BLL", "Warmups.Strings.BLL\Warmups.Strings.BLL.csproj", "{2CD40801-3D55-4186-9829-C0687409ACF9}"
EndProject
Project("{FAE04EC0-301F-11D3-BF4B-00C04F79EFBC}") = "Warmups.Strings.Tests", "Warmups.Strings.Tests\Warmups.Strings.Tests.csproj", "{3293705E-D5C3-461E-8FD7-D680F7097CE7}"
EndProject
Global
	GlobalSection(SolutionConfigurationPlatforms) = preSolution
		Debug|Any CPU = Debug|Any CPU
		Release|Any CPU = Release|Any CPU
	EndGlobalSection
	GlobalSection(ProjectConfigurationPlatforms) = postSolution
		{2CD40801-3D55-4186-9829-C0687409ACF9}.Debug|Any CPU.ActiveCfg = Debug|Any CPU
		{2CD40801-3D55-4186-9829-C0687409ACF9}.Debug|Any CPU.Build.0 = Debug|Any CPU
		{2CD40801-3D55-4186-9829-C0687409ACF9}.Release|Any CPU.ActiveCfg = Release|Any CPU
		{2CD40801-3D55-4186-9829-C0687409ACF9}.Release|Any CPU.Build.0 = Release|Any CPU
		{3293705E-D5C3-461E-8FD7-D680F7097CE7}.Debug|Any CPU.ActiveCfg = Debug|Any CPU
		{3293705E-D5C3-461E-8FD7-D680F7097CE7}.Debug|Any CPU.Build.0 = Debug|Any CPU
		{3293705E-D5C3-461E-8FD7-D680F7097CE7}.Release|Any CPU.ActiveCfg = Release|Any CPU
		{3293705E-D5C3-461E-8FD7-D680F7097CE7}.Release|Any CPU.Build.0 = Release|Any CPU
	EndGlobalSection
	GlobalSection(SolutionProperties) = preSolution
		HideSolutionNode = FALSE
	EndGlobalSection
EndGlobal
